# This file is automatically @generated by Cargo.
# It is not intended for manual editing.
version = 4

[[package]]
name = "bitflags"
version = "1.3.2"
source = "registry+https://github.com/rust-lang/crates.io-index"
checksum = "bef38d45163c2f1dde094a7dfd33ccf595c92905c8f8f4fdc18d06fb1037718a"

[[package]]
name = "core-foundation"
version = "0.6.4"
source = "registry+https://github.com/rust-lang/crates.io-index"
checksum = "25b9e03f145fd4f2bf705e07b900cd41fc636598fe5dc452fd0db1441c3f496d"
dependencies = [
 "core-foundation-sys",
 "libc",
]

[[package]]
name = "core-foundation-sys"
version = "0.6.2"
source = "registry+https://github.com/rust-lang/crates.io-index"
checksum = "e7ca8a5221364ef15ce201e8ed2f609fc312682a8f4e0e3d4aa5879764e0fa3b"

[[package]]
name = "core-graphics"
version = "0.17.3"
source = "registry+https://github.com/rust-lang/crates.io-index"
checksum = "56790968ab1c8a1202a102e6de05fc6e1ec87da99e4e93e9a7d13efbfc1e95a9"
dependencies = [
 "bitflags",
 "core-foundation",
 "foreign-types",
 "libc",
]

[[package]]
name = "core-text"
version = "13.3.2"
source = "registry+https://github.com/rust-lang/crates.io-index"
checksum = "db84654ad95211c082cf9795f6f83dc17d0ae6c985ac1b906369dc7384ed346d"
dependencies = [
 "core-foundation",
 "core-graphics",
 "foreign-types",
 "libc",
]

[[package]]
name = "core-text-runs"
version = "0.1.0"
dependencies = [
 "core-foundation",
 "core-graphics",
 "core-text",
]

[[package]]
name = "foreign-types"
version = "0.3.2"
source = "registry+https://github.com/rust-lang/crates.io-index"
checksum = "f6f339eb8adc052cd2ca78910fda869aefa38d22d5cb648e6485e4d3fc06f3b1"
dependencies = [
 "foreign-types-shared",
]

[[package]]
name = "foreign-types-shared"
version = "0.1.1"
source = "registry+https://github.com/rust-lang/crates.io-index"
checksum = "00b0228411908ca8685dba7fc2cdd70ec9990a6e753e89b6ac91a84c40fbaf4b"

[[package]]
name = "libc"
version = "0.2.180"
source = "registry+https://github.com/rust-lang/crates.io-index"
checksum = "bcc35a38544a891a5f7c865aca548a982ccb3b8650a5b06d0fd33a10283c56fc"
