// !$*UTF8*$!
{
	archiveVersion = 1;
	classes = {
	};
	objectVersion = 77;
	objects = {

/* Begin PBXBuildFile section */
		AF1831C42F390CCA005B53C3 /* libcore_text_runs 2.a in Frameworks */ = {isa = PBXBuildFile; fileRef = AF1831C32F390CCA005B53C3 /* libcore_text_runs 2.a */; };
/* End PBXBuildFile section */

/* Begin PBXContainerItemProxy section */
		AF18316E2F2FD416005B53C3 /* PBXContainerItemProxy */ = {
			isa = PBXContainerItemProxy;
			containerPortal = AF1831552F2FD415005B53C3 /* Project object */;
			proxyType = 1;
			remoteGlobalIDString = AF18315C2F2FD415005B53C3;
			remoteInfo = CoreTextRunsProj;
		};
		AF1831782F2FD416005B53C3 /* PBXContainerItemProxy */ = {
			isa = PBXContainerItemProxy;
			containerPortal = AF1831552F2FD415005B53C3 /* Project object */;
			proxyType = 1;
			remoteGlobalIDString = AF18315C2F2FD415005B53C3;
			remoteInfo = CoreTextRunsProj;
		};
/* End PBXContainerItemProxy section */

/* Begin PBXFileReference section */
		AF18315D2F2FD415005B53C3 /* CoreTextRunsProj.app */ = {isa = PBXFileReference; explicitFileType = wrapper.application; includeInIndex = 0; path = CoreTextRunsProj.app; sourceTree = BUILT_PRODUCTS_DIR; };
		AF18316D2F2FD416005B53C3 /* CoreTextRunsProjTests.xctest */ = {isa = PBXFileReference; explicitFileType = wrapper.cfbundle; includeInIndex = 0; path = CoreTextRunsProjTests.xctest; sourceTree = BUILT_PRODUCTS_DIR; };
		AF1831772F2FD416005B53C3 /* CoreTextRunsProjUITests.xctest */ = {isa = PBXFileReference; explicitFileType = wrapper.cfbundle; includeInIndex = 0; path = CoreTextRunsProjUITests.xctest; sourceTree = BUILT_PRODUCTS_DIR; };
		AF1831C32F390CCA005B53C3 /* libcore_text_runs 2.a */ = {isa = PBXFileReference; lastKnownFileType = archive.ar; path = "libcore_text_runs 2.a"; sourceTree = "<group>"; };
/* End PBXFileReference section */

/* Begin PBXFileSystemSynchronizedRootGroup section */
		AF18315F2F2FD415005B53C3 /* CoreTextRunsProj */ = {
			isa = PBXFileSystemSynchronizedRootGroup;
			path = CoreTextRunsProj;
			sourceTree = "<group>";
		};
		AF1831702F2FD416005B53C3 /* CoreTextRunsProjTests */ = {
			isa = PBXFileSystemSynchronizedRootGroup;
			path = CoreTextRunsProjTests;
			sourceTree = "<group>";
		};
		AF18317A2F2FD416005B53C3 /* CoreTextRunsProjUITests */ = {
			isa = PBXFileSystemSynchronizedRootGroup;
			path = CoreTextRunsProjUITests;
			sourceTree = "<group>";
		};
/* End PBXFileSystemSynchronizedRootGroup section */

/* Begin PBXFrameworksBuildPhase section */
		AF18315A2F2FD415005B53C3 /* Frameworks */ = {
			isa = PBXFrameworksBuildPhase;
			buildActionMask = 2147483647;
			files = (
				AF1831C42F390CCA005B53C3 /* libcore_text_runs 2.a in Frameworks */,
			);
			runOnlyForDeploymentPostprocessing = 0;
		};
		AF18316A2F2FD416005B53C3 /* Frameworks */ = {
			isa = PBXFrameworksBuildPhase;
			buildActionMask = 2147483647;
			files = (
			);
			runOnlyForDeploymentPostprocessing = 0;
		};
		AF1831742F2FD416005B53C3 /* Frameworks */ = {
			isa = PBXFrameworksBuildPhase;
			buildActionMask = 2147483647;
			files = (
			);
			runOnlyForDeploymentPostprocessing = 0;
		};
/* End PBXFrameworksBuildPhase section */

/* Begin PBXGroup section */
		AF1831542F2FD415005B53C3 = {
			isa = PBXGroup;
			children = (
				AF18315F2F2FD415005B53C3 /* CoreTextRunsProj */,
				AF1831702F2FD416005B53C3 /* CoreTextRunsProjTests */,
				AF18317A2F2FD416005B53C3 /* CoreTextRunsProjUITests */,
				AF18315E2F2FD415005B53C3 /* Products */,
				AF1831C32F390CCA005B53C3 /* libcore_text_runs 2.a */,
			);
			sourceTree = "<group>";
		};
		AF18315E2F2FD415005B53C3 /* Products */ = {
			isa = PBXGroup;
			children = (
				AF18315D2F2FD415005B53C3 /* CoreTextRunsProj.app */,
				AF18316D2F2FD416005B53C3 /* CoreTextRunsProjTests.xctest */,
				AF1831772F2FD416005B53C3 /* CoreTextRunsProjUITests.xctest */,
			);
			name = Products;
			sourceTree = "<group>";
		};
/* End PBXGroup section */

/* Begin PBXNativeTarget section */
		AF18315C2F2FD415005B53C3 /* CoreTextRunsProj */ = {
			isa = PBXNativeTarget;
			buildConfigurationList = AF1831812F2FD416005B53C3 /* Build configuration list for PBXNativeTarget "CoreTextRunsProj" */;
			buildPhases = (
				AF1831592F2FD415005B53C3 /* Sources */,
				AF18315A2F2FD415005B53C3 /* Frameworks */,
				AF18315B2F2FD415005B53C3 /* Resources */,
			);
			buildRules = (
			);
			dependencies = (
			);
			fileSystemSynchronizedGroups = (
				AF18315F2F2FD415005B53C3 /* CoreTextRunsProj */,
			);
			name = CoreTextRunsProj;
			packageProductDependencies = (
			);
			productName = CoreTextRunsProj;
			productReference = AF18315D2F2FD415005B53C3 /* CoreTextRunsProj.app */;
			productType = "com.apple.product-type.application";
		};
		AF18316C2F2FD416005B53C3 /* CoreTextRunsProjTests */ = {
			isa = PBXNativeTarget;
			buildConfigurationList = AF1831842F2FD416005B53C3 /* Build configuration list for PBXNativeTarget "CoreTextRunsProjTests" */;
			buildPhases = (
				AF1831692F2FD416005B53C3 /* Sources */,
				AF18316A2F2FD416005B53C3 /* Frameworks */,
				AF18316B2F2FD416005B53C3 /* Resources */,
			);
			buildRules = (
			);
			dependencies = (
				AF18316F2F2FD416005B53C3 /* PBXTargetDependency */,
			);
			fileSystemSynchronizedGroups = (
				AF1831702F2FD416005B53C3 /* CoreTextRunsProjTests */,
			);
			name = CoreTextRunsProjTests;
			packageProductDependencies = (
			);
			productName = CoreTextRunsProjTests;
			productReference = AF18316D2F2FD416005B53C3 /* CoreTextRunsProjTests.xctest */;
			productType = "com.apple.product-type.bundle.unit-test";
		};
		AF1831762F2FD416005B53C3 /* CoreTextRunsProjUITests */ = {
			isa = PBXNativeTarget;
			buildConfigurationList = AF1831872F2FD416005B53C3 /* Build configuration list for PBXNativeTarget "CoreTextRunsProjUITests" */;
			buildPhases = (
				AF1831732F2FD416005B53C3 /* Sources */,
				AF1831742F2FD416005B53C3 /* Frameworks */,
				AF1831752F2FD416005B53C3 /* Resources */,
			);
			buildRules = (
			);
			dependencies = (
				AF1831792F2FD416005B53C3 /* PBXTargetDependency */,
			);
			fileSystemSynchronizedGroups = (
				AF18317A2F2FD416005B53C3 /* CoreTextRunsProjUITests */,
			);
			name = CoreTextRunsProjUITests;
			packageProductDependencies = (
			);
			productName = CoreTextRunsProjUITests;
			productReference = AF1831772F2FD416005B53C3 /* CoreTextRunsProjUITests.xctest */;
			productType = "com.apple.product-type.bundle.ui-testing";
		};
/* End PBXNativeTarget section */

/* Begin PBXProject section */
		AF1831552F2FD415005B53C3 /* Project object */ = {
			isa = PBXProject;
			attributes = {
				BuildIndependentTargetsInParallel = 1;
				LastSwiftUpdateCheck = 1600;
				LastUpgradeCheck = 1600;
				TargetAttributes = {
					AF18315C2F2FD415005B53C3 = {
						CreatedOnToolsVersion = 16.0;
					};
					AF18316C2F2FD416005B53C3 = {
						CreatedOnToolsVersion = 16.0;
						TestTargetID = AF18315C2F2FD415005B53C3;
					};
					AF1831762F2FD416005B53C3 = {
						CreatedOnToolsVersion = 16.0;
						TestTargetID = AF18315C2F2FD415005B53C3;
					};
				};
			};
			buildConfigurationList = AF1831582F2FD415005B53C3 /* Build configuration list for PBXProject "CoreTextRunsProj" */;
			developmentRegion = en;
			hasScannedForEncodings = 0;
			knownRegions = (
				en,
				Base,
			);
			mainGroup = AF1831542F2FD415005B53C3;
			minimizedProjectReferenceProxies = 1;
			preferredProjectObjectVersion = 77;
			productRefGroup = AF18315E2F2FD415005B53C3 /* Products */;
			projectDirPath = "";
			projectRoot = "";
			targets = (
				AF18315C2F2FD415005B53C3 /* CoreTextRunsProj */,
				AF18316C2F2FD416005B53C3 /* CoreTextRunsProjTests */,
				AF1831762F2FD416005B53C3 /* CoreTextRunsProjUITests */,
			);
		};
/* End PBXProject section */

/* Begin PBXResourcesBuildPhase section */
		AF18315B2F2FD415005B53C3 /* Resources */ = {
			isa = PBXResourcesBuildPhase;
			buildActionMask = 2147483647;
			files = (
			);
			runOnlyForDeploymentPostprocessing = 0;
		};
		AF18316B2F2FD416005B53C3 /* Resources */ = {
			isa = PBXResourcesBuildPhase;
			buildActionMask = 2147483647;
			files = (
			);
			runOnlyForDeploymentPostprocessing = 0;
		};
		AF1831752F2FD416005B53C3 /* Resources */ = {
			isa = PBXResourcesBuildPhase;
			buildActionMask = 2147483647;
			files = (
			);
			runOnlyForDeploymentPostprocessing = 0;
		};
/* End PBXResourcesBuildPhase section */

/* Begin PBXSourcesBuildPhase section */
		AF1831592F2FD415005B53C3 /* Sources */ = {
			isa = PBXSourcesBuildPhase;
			buildActionMask = 2147483647;
			files = (
			);
			runOnlyForDeploymentPostprocessing = 0;
		};
		AF1831692F2FD416005B53C3 /* Sources */ = {
			isa = PBXSourcesBuildPhase;
			buildActionMask = 2147483647;
			files = (
			);
			runOnlyForDeploymentPostprocessing = 0;
		};
		AF1831732F2FD416005B53C3 /* Sources */ = {
			isa = PBXSourcesBuildPhase;
			buildActionMask = 2147483647;
			files = (
			);
			runOnlyForDeploymentPostprocessing = 0;
		};
/* End PBXSourcesBuildPhase section */

/* Begin PBXTargetDependency section */
		AF18316F2F2FD416005B53C3 /* PBXTargetDependency */ = {
			isa = PBXTargetDependency;
			target = AF18315C2F2FD415005B53C3 /* CoreTextRunsProj */;
			targetProxy = AF18316E2F2FD416005B53C3 /* PBXContainerItemProxy */;
		};
		AF1831792F2FD416005B53C3 /* PBXTargetDependency */ = {
			isa = PBXTargetDependency;
			target = AF18315C2F2FD415005B53C3 /* CoreTextRunsProj */;
			targetProxy = AF1831782F2FD416005B53C3 /* PBXContainerItemProxy */;
		};
/* End PBXTargetDependency section */

/* Begin XCBuildConfiguration section */
		AF18317F2F2FD416005B53C3 /* Debug */ = {
			isa = XCBuildConfiguration;
			buildSettings = {
				ALWAYS_SEARCH_USER_PATHS = NO;
				ASSETCATALOG_COMPILER_GENERATE_SWIFT_ASSET_SYMBOL_EXTENSIONS = YES;
				CLANG_ANALYZER_NONNULL = YES;
				CLANG_ANALYZER_NUMBER_OBJECT_CONVERSION = YES_AGGRESSIVE;
				CLANG_CXX_LANGUAGE_STANDARD = "gnu++20";
				CLANG_ENABLE_MODULES = YES;
				CLANG_ENABLE_OBJC_ARC = YES;
				CLANG_ENABLE_OBJC_WEAK = YES;
				CLANG_WARN_BLOCK_CAPTURE_AUTORELEASING = YES;
				CLANG_WARN_BOOL_CONVERSION = YES;
				CLANG_WARN_COMMA = YES;
				CLANG_WARN_CONSTANT_CONVERSION = YES;
				CLANG_WARN_DEPRECATED_OBJC_IMPLEMENTATIONS = YES;
				CLANG_WARN_DIRECT_OBJC_ISA_USAGE = YES_ERROR;
				CLANG_WARN_DOCUMENTATION_COMMENTS = YES;
				CLANG_WARN_EMPTY_BODY = YES;
				CLANG_WARN_ENUM_CONVERSION = YES;
				CLANG_WARN_INFINITE_RECURSION = YES;
				CLANG_WARN_INT_CONVERSION = YES;
				CLANG_WARN_NON_LITERAL_NULL_CONVERSION = YES;
				CLANG_WARN_OBJC_IMPLICIT_RETAIN_SELF = YES;
				CLANG_WARN_OBJC_LITERAL_CONVERSION = YES;
				CLANG_WARN_OBJC_ROOT_CLASS = YES_ERROR;
				CLANG_WARN_QUOTED_INCLUDE_IN_FRAMEWORK_HEADER = YES;
				CLANG_WARN_RANGE_LOOP_ANALYSIS = YES;
				CLANG_WARN_STRICT_PROTOTYPES = YES;
				CLANG_WARN_SUSPICIOUS_MOVE = YES;
				CLANG_WARN_UNGUARDED_AVAILABILITY = YES_AGGRESSIVE;
				CLANG_WARN_UNREACHABLE_CODE = YES;
				CLANG_WARN__DUPLICATE_METHOD_MATCH = YES;
				COPY_PHASE_STRIP = NO;
				DEBUG_INFORMATION_FORMAT = dwarf;
				ENABLE_STRICT_OBJC_MSGSEND = YES;
				ENABLE_TESTABILITY = YES;
				ENABLE_USER_SCRIPT_SANDBOXING = YES;
				GCC_C_LANGUAGE_STANDARD = gnu17;
				GCC_DYNAMIC_NO_PIC = NO;
				GCC_NO_COMMON_BLOCKS = YES;
				GCC_OPTIMIZATION_LEVEL = 0;
				GCC_PREPROCESSOR_DEFINITIONS = (
					"DEBUG=1",
					"$(inherited)",
				);
				GCC_WARN_64_TO_32_BIT_CONVERSION = YES;
				GCC_WARN_ABOUT_RETURN_TYPE = YES_ERROR;
				GCC_WARN_UNDECLARED_SELECTOR = YES;
				GCC_WARN_UNINITIALIZED_AUTOS = YES_AGGRESSIVE;
				GCC_WARN_UNUSED_FUNCTION = YES;
				GCC_WARN_UNUSED_VARIABLE = YES;
				IPHONEOS_DEPLOYMENT_TARGET = 18.0;
				LOCALIZATION_PREFERS_STRING_CATALOGS = YES;
				MTL_ENABLE_DEBUG_INFO = INCLUDE_SOURCE;
				MTL_FAST_MATH = YES;
				ONLY_ACTIVE_ARCH = YES;
				SDKROOT = iphoneos;
				SWIFT_ACTIVE_COMPILATION_CONDITIONS = "DEBUG $(inherited)";
				SWIFT_OPTIMIZATION_LEVEL = "-Onone";
			};
			name = Debug;
		};
		AF1831802F2FD416005B53C3 /* Release */ = {
			isa = XCBuildConfiguration;
			buildSettings = {
				ALWAYS_SEARCH_USER_PATHS = NO;
				ASSETCATALOG_COMPILER_GENERATE_SWIFT_ASSET_SYMBOL_EXTENSIONS = YES;
				CLANG_ANALYZER_NONNULL = YES;
				CLANG_ANALYZER_NUMBER_OBJECT_CONVERSION = YES_AGGRESSIVE;
				CLANG_CXX_LANGUAGE_STANDARD = "gnu++20";
				CLANG_ENABLE_MODULES = YES;
				CLANG_ENABLE_OBJC_ARC = YES;
				CLANG_ENABLE_OBJC_WEAK = YES;
				CLANG_WARN_BLOCK_CAPTURE_AUTORELEASING = YES;
				CLANG_WARN_BOOL_CONVERSION = YES;
				CLANG_WARN_COMMA = YES;
				CLANG_WARN_CONSTANT_CONVERSION = YES;
				CLANG_WARN_DEPRECATED_OBJC_IMPLEMENTATIONS = YES;
				CLANG_WARN_DIRECT_OBJC_ISA_USAGE = YES_ERROR;
				CLANG_WARN_DOCUMENTATION_COMMENTS = YES;
				CLANG_WARN_EMPTY_BODY = YES;
				CLANG_WARN_ENUM_CONVERSION = YES;
				CLANG_WARN_INFINITE_RECURSION = YES;
				CLANG_WARN_INT_CONVERSION = YES;
				CLANG_WARN_NON_LITERAL_NULL_CONVERSION = YES;
				CLANG_WARN_OBJC_IMPLICIT_RETAIN_SELF = YES;
				CLANG_WARN_OBJC_LITERAL_CONVERSION = YES;
				CLANG_WARN_OBJC_ROOT_CLASS = YES_ERROR;
				CLANG_WARN_QUOTED_INCLUDE_IN_FRAMEWORK_HEADER = YES;
				CLANG_WARN_RANGE_LOOP_ANALYSIS = YES;
				CLANG_WARN_STRICT_PROTOTYPES = YES;
				CLANG_WARN_SUSPICIOUS_MOVE = YES;
				CLANG_WARN_UNGUARDED_AVAILABILITY = YES_AGGRESSIVE;
				CLANG_WARN_UNREACHABLE_CODE = YES;
				CLANG_WARN__DUPLICATE_METHOD_MATCH = YES;
				COPY_PHASE_STRIP = NO;
				DEBUG_INFORMATION_FORMAT = "dwarf-with-dsym";
				ENABLE_NS_ASSERTIONS = NO;
				ENABLE_STRICT_OBJC_MSGSEND = YES;
				ENABLE_USER_SCRIPT_SANDBOXING = YES;
				GCC_C_LANGUAGE_STANDARD = gnu17;
				GCC_NO_COMMON_BLOCKS = YES;
				GCC_WARN_64_TO_32_BIT_CONVERSION = YES;
				GCC_WARN_ABOUT_RETURN_TYPE = YES_ERROR;
				GCC_WARN_UNDECLARED_SELECTOR = YES;
				GCC_WARN_UNINITIALIZED_AUTOS = YES_AGGRESSIVE;
				GCC_WARN_UNUSED_FUNCTION = YES;
				GCC_WARN_UNUSED_VARIABLE = YES;
				IPHONEOS_DEPLOYMENT_TARGET = 18.0;
				LOCALIZATION_PREFERS_STRING_CATALOGS = YES;
				MTL_ENABLE_DEBUG_INFO = NO;
				MTL_FAST_MATH = YES;
				SDKROOT = iphoneos;
				SWIFT_COMPILATION_MODE = wholemodule;
				VALIDATE_PRODUCT = YES;
			};
			name = Release;
		};
		AF1831822F2FD416005B53C3 /* Debug */ = {
			isa = XCBuildConfiguration;
			buildSettings = {
				ASSETCATALOG_COMPILER_APPICON_NAME = AppIcon;
				ASSETCATALOG_COMPILER_GLOBAL_ACCENT_COLOR_NAME = AccentColor;
				CODE_SIGN_STYLE = Automatic;
				CURRENT_PROJECT_VERSION = 1;
				DEVELOPMENT_ASSET_PATHS = "\"CoreTextRunsProj/Preview Content\"";
				ENABLE_PREVIEWS = YES;
				GENERATE_INFOPLIST_FILE = YES;
				HEADER_SEARCH_PATHS = "";
				INFOPLIST_KEY_UIApplicationSceneManifest_Generation = YES;
				INFOPLIST_KEY_UIApplicationSupportsIndirectInputEvents = YES;
				INFOPLIST_KEY_UILaunchScreen_Generation = YES;
				INFOPLIST_KEY_UISupportedInterfaceOrientations_iPad = "UIInterfaceOrientationPortrait UIInterfaceOrientationPortraitUpsideDown UIInterfaceOrientationLandscapeLeft UIInterfaceOrientationLandscapeRight";
				INFOPLIST_KEY_UISupportedInterfaceOrientations_iPhone = "UIInterfaceOrientationPortrait UIInterfaceOrientationLandscapeLeft UIInterfaceOrientationLandscapeRight";
				LD_RUNPATH_SEARCH_PATHS = (
					"$(inherited)",
					"@executable_path/Frameworks",
				);
				LIBRARY_SEARCH_PATHS = (
					"$(inherited)",
					"$(PROJECT_DIR)",
				);
				MARKETING_VERSION = 1.0;
				OTHER_LDFLAGS = "-lc++";
				PRODUCT_BUNDLE_IDENTIFIER = rustq.org.CoreTextRunsProj;
				PRODUCT_NAME = "$(TARGET_NAME)";
				SWIFT_EMIT_LOC_STRINGS = YES;
				SWIFT_OBJC_BRIDGING_HEADER = "CoreTextRuns-Bridging-Header.h";
				SWIFT_VERSION = 5.0;
				TARGETED_DEVICE_FAMILY = "1,2";
			};
			name = Debug;
		};
		AF1831832F2FD416005B53C3 /* Release */ = {
			isa = XCBuildConfiguration;
			buildSettings = {
				ASSETCATALOG_COMPILER_APPICON_NAME = AppIcon;
				ASSETCATALOG_COMPILER_GLOBAL_ACCENT_COLOR_NAME = AccentColor;
				CODE_SIGN_STYLE = Automatic;
				CURRENT_PROJECT_VERSION = 1;
				DEVELOPMENT_ASSET_PATHS = "\"CoreTextRunsProj/Preview Content\"";
				ENABLE_PREVIEWS = YES;
				GENERATE_INFOPLIST_FILE = YES;
				HEADER_SEARCH_PATHS = "";
				INFOPLIST_KEY_UIApplicationSceneManifest_Generation = YES;
				INFOPLIST_KEY_UIApplicationSupportsIndirectInputEvents = YES;
				INFOPLIST_KEY_UILaunchScreen_Generation = YES;
				INFOPLIST_KEY_UISupportedInterfaceOrientations_iPad = "UIInterfaceOrientationPortrait UIInterfaceOrientationPortraitUpsideDown UIInterfaceOrientationLandscapeLeft UIInterfaceOrientationLandscapeRight";
				INFOPLIST_KEY_UISupportedInterfaceOrientations_iPhone = "UIInterfaceOrientationPortrait UIInterfaceOrientationLandscapeLeft UIInterfaceOrientationLandscapeRight";
				LD_RUNPATH_SEARCH_PATHS = (
					"$(inherited)",
					"@executable_path/Frameworks",
				);
				LIBRARY_SEARCH_PATHS = (
					"$(inherited)",
					"$(PROJECT_DIR)",
				);
				MARKETING_VERSION = 1.0;
				OTHER_LDFLAGS = "-lc++";
				PRODUCT_BUNDLE_IDENTIFIER = rustq.org.CoreTextRunsProj;
				PRODUCT_NAME = "$(TARGET_NAME)";
				SWIFT_EMIT_LOC_STRINGS = YES;
				SWIFT_OBJC_BRIDGING_HEADER = "CoreTextRuns-Bridging-Header.h";
				SWIFT_VERSION = 5.0;
				TARGETED_DEVICE_FAMILY = "1,2";
			};
			name = Release;
		};
		AF1831852F2FD416005B53C3 /* Debug */ = {
			isa = XCBuildConfiguration;
			buildSettings = {
				BUNDLE_LOADER = "$(TEST_HOST)";
				CODE_SIGN_STYLE = Automatic;
				CURRENT_PROJECT_VERSION = 1;
				GENERATE_INFOPLIST_FILE = YES;
				IPHONEOS_DEPLOYMENT_TARGET = 18.0;
				MARKETING_VERSION = 1.0;
				PRODUCT_BUNDLE_IDENTIFIER = rustq.org.CoreTextRunsProjTests;
				PRODUCT_NAME = "$(TARGET_NAME)";
				SWIFT_EMIT_LOC_STRINGS = NO;
				SWIFT_VERSION = 5.0;
				TARGETED_DEVICE_FAMILY = "1,2";
				TEST_HOST = "$(BUILT_PRODUCTS_DIR)/CoreTextRunsProj.app/$(BUNDLE_EXECUTABLE_FOLDER_PATH)/CoreTextRunsProj";
			};
			name = Debug;
		};
		AF1831862F2FD416005B53C3 /* Release */ = {
			isa = XCBuildConfiguration;
			buildSettings = {
				BUNDLE_LOADER = "$(TEST_HOST)";
				CODE_SIGN_STYLE = Automatic;
				CURRENT_PROJECT_VERSION = 1;
				GENERATE_INFOPLIST_FILE = YES;
				IPHONEOS_DEPLOYMENT_TARGET = 18.0;
				MARKETING_VERSION = 1.0;
				PRODUCT_BUNDLE_IDENTIFIER = rustq.org.CoreTextRunsProjTests;
				PRODUCT_NAME = "$(TARGET_NAME)";
				SWIFT_EMIT_LOC_STRINGS = NO;
				SWIFT_VERSION = 5.0;
				TARGETED_DEVICE_FAMILY = "1,2";
				TEST_HOST = "$(BUILT_PRODUCTS_DIR)/CoreTextRunsProj.app/$(BUNDLE_EXECUTABLE_FOLDER_PATH)/CoreTextRunsProj";
			};
			name = Release;
		};
		AF1831882F2FD416005B53C3 /* Debug */ = {
			isa = XCBuildConfiguration;
			buildSettings = {
				CODE_SIGN_STYLE = Automatic;
				CURRENT_PROJECT_VERSION = 1;
				GENERATE_INFOPLIST_FILE = YES;
				MARKETING_VERSION = 1.0;
				PRODUCT_BUNDLE_IDENTIFIER = rustq.org.CoreTextRunsProjUITests;
				PRODUCT_NAME = "$(TARGET_NAME)";
				SWIFT_EMIT_LOC_STRINGS = NO;
				SWIFT_VERSION = 5.0;
				TARGETED_DEVICE_FAMILY = "1,2";
				TEST_TARGET_NAME = CoreTextRunsProj;
			};
			name = Debug;
		};
		AF1831892F2FD416005B53C3 /* Release */ = {
			isa = XCBuildConfiguration;
			buildSettings = {
				CODE_SIGN_STYLE = Automatic;
				CURRENT_PROJECT_VERSION = 1;
				GENERATE_INFOPLIST_FILE = YES;
				MARKETING_VERSION = 1.0;
				PRODUCT_BUNDLE_IDENTIFIER = rustq.org.CoreTextRunsProjUITests;
				PRODUCT_NAME = "$(TARGET_NAME)";
				SWIFT_EMIT_LOC_STRINGS = NO;
				SWIFT_VERSION = 5.0;
				TARGETED_DEVICE_FAMILY = "1,2";
				TEST_TARGET_NAME = CoreTextRunsProj;
			};
			name = Release;
		};
/* End XCBuildConfiguration section */

/* Begin XCConfigurationList section */
		AF1831582F2FD415005B53C3 /* Build configuration list for PBXProject "CoreTextRunsProj" */ = {
			isa = XCConfigurationList;
			buildConfigurations = (
				AF18317F2F2FD416005B53C3 /* Debug */,
				AF1831802F2FD416005B53C3 /* Release */,
			);
			defaultConfigurationIsVisible = 0;
			defaultConfigurationName = Release;
		};
		AF1831812F2FD416005B53C3 /* Build configuration list for PBXNativeTarget "CoreTextRunsProj" */ = {
			isa = XCConfigurationList;
			buildConfigurations = (
				AF1831822F2FD416005B53C3 /* Debug */,
				AF1831832F2FD416005B53C3 /* Release */,
			);
			defaultConfigurationIsVisible = 0;
			defaultConfigurationName = Release;
		};
		AF1831842F2FD416005B53C3 /* Build configuration list for PBXNativeTarget "CoreTextRunsProjTests" */ = {
			isa = XCConfigurationList;
			buildConfigurations = (
				AF1831852F2FD416005B53C3 /* Debug */,
				AF1831862F2FD416005B53C3 /* Release */,
			);
			defaultConfigurationIsVisible = 0;
			defaultConfigurationName = Release;
		};
		AF1831872F2FD416005B53C3 /* Build configuration list for PBXNativeTarget "CoreTextRunsProjUITests" */ = {
			isa = XCConfigurationList;
			buildConfigurations = (
				AF1831882F2FD416005B53C3 /* Debug */,
				AF1831892F2FD416005B53C3 /* Release */,
			);
			defaultConfigurationIsVisible = 0;
			defaultConfigurationName = Release;
		};
/* End XCConfigurationList section */
	};
	rootObject = AF1831552F2FD415005B53C3 /* Project object */;
}
